
Microsoft Visual Studio Solution File, Format Version 12.00
# Visual Studio Version 16
VisualStudioVersion = 16.0.28922.388
MinimumVisualStudioVersion = 10.0.40219.1
Project("{9A19103F-16F7-4668-BE54-9A1E7A4F7556}") = "FlyLang", "FlyLang.csproj", "{9B509E57-52D7-4489-AC6F-9248582F03D1}"
EndProject
Project("{FAE04EC0-301F-11D3-BF4B-00C04F79EFBC}") = "FlyLangEditor", "..\FlyLangEditor\FlyLangEditor.csproj", "{C7B44336-FBD9-4BCA-8C7A-6104F3D41935}"
EndProject
Global
	GlobalSection(SolutionConfigurationPlatforms) = preSolution
		Debug|Any CPU = Debug|Any CPU
		Release|Any CPU = Release|Any CPU
	EndGlobalSection
	GlobalSection(ProjectConfigurationPlatforms) = postSolution
		{9B509E57-52D7-4489-AC6F-9248582F03D1}.Debug|Any CPU.ActiveCfg = Debug|Any CPU
		{9B509E57-52D7-4489-AC6F-9248582F03D1}.Debug|Any CPU.Build.0 = Debug|Any CPU
		{9B509E57-52D7-4489-AC6F-9248582F03D1}.Release|Any CPU.ActiveCfg = Release|Any CPU
		{9B509E57-52D7-4489-AC6F-9248582F03D1}.Release|Any CPU.Build.0 = Release|Any CPU
		{C7B44336-FBD9-4BCA-8C7A-6104F3D41935}.Debug|Any CPU.ActiveCfg = Debug|Any CPU
		{C7B44336-FBD9-4BCA-8C7A-6104F3D41935}.Debug|Any CPU.Build.0 = Debug|Any CPU
		{C7B44336-FBD9-4BCA-8C7A-6104F3D41935}.Release|Any CPU.ActiveCfg = Release|Any CPU
		{C7B44336-FBD9-4BCA-8C7A-6104F3D41935}.Release|Any CPU.Build.0 = Release|Any CPU
	EndGlobalSection
	GlobalSection(SolutionProperties) = preSolution
		HideSolutionNode = FALSE
	EndGlobalSection
	GlobalSection(ExtensibilityGlobals) = postSolution
		SolutionGuid = {F289F7AD-8D64-4C6F-A96C-C8C0D5C1E873}
	EndGlobalSection
EndGlobal
